
Microsoft Visual Studio Solution File, Format Version 12.00
# Visual Studio 15
VisualStudioVersion = 15.0.26730.12
MinimumVisualStudioVersion = 10.0.40219.1
Project("{FAE04EC0-301F-11D3-BF4B-00C04F79EFBC}") = "OOP1", "OOP1\OOP1.csproj", "{0507142F-2648-4816-88F3-9DCAA75D1D72}"
EndProject
Global
	GlobalSection(SolutionConfigurationPlatforms) = preSolution
		Debug|Any CPU = Debug|Any CPU
		Release|Any CPU = Release|Any CPU
	EndGlobalSection
	GlobalSection(ProjectConfigurationPlatforms) = postSolution
		{0507142F-2648-4816-88F3-9DCAA75D1D72}.Debug|Any CPU.ActiveCfg = Debug|Any CPU
		{0507142F-2648-4816-88F3-9DCAA75D1D72}.Debug|Any CPU.Build.0 = Debug|Any CPU
		{0507142F-2648-4816-88F3-9DCAA75D1D72}.Release|Any CPU.ActiveCfg = Release|Any CPU
		{0507142F-2648-4816-88F3-9DCAA75D1D72}.Release|Any CPU.Build.0 = Release|Any CPU
	EndGlobalSection
	GlobalSection(SolutionProperties) = preSolution
		HideSolutionNode = FALSE
	EndGlobalSection
	GlobalSection(ExtensibilityGlobals) = postSolution
		SolutionGuid = {00E4334B-7177-4A6D-8589-558C337ECA8A}
	EndGlobalSection
EndGlobal
